
Microsoft Visual Studio Solution File, Format Version 11.00
# Visual Studio 2010
Project("{2150E333-8FDC-42A3-9474-1A3956D46DE8}") = "Runtime .NET", "Runtime .NET", "{031DD903-76EA-4424-8575-3DAB7F55D71E}"
EndProject
Project("{2150E333-8FDC-42A3-9474-1A3956D46DE8}") = "Runtime Silverlight", "Runtime Silverlight", "{458FF200-5FC2-4BD7-8AAB-4F0DCC4080A9}"
EndProject
Project("{2150E333-8FDC-42A3-9474-1A3956D46DE8}") = "Debug Projects", "Debug Projects", "{DC90817D-C421-471B-B4E1-16FF3F94A398}"
EndProject
Project("{2150E333-8FDC-42A3-9474-1A3956D46DE8}") = "Solution Items", "Solution Items", "{F6BA6A2F-8EEB-4C6E-9649-EA77050BFF3E}"
	ProjectSection(SolutionItems) = preProject
		SSharp.testrunconfig = SSharp.testrunconfig
		SSharp.vsmdi = SSharp.vsmdi
	EndProjectSection
EndProject
Project("{2150E333-8FDC-42A3-9474-1A3956D46DE8}") = "Samples", "Samples", "{30C39A33-C6D3-4955-99E2-B8EA93D201AD}"
EndProject
Project("{2150E333-8FDC-42A3-9474-1A3956D46DE8}") = ".NET 3.5", ".NET 3.5", "{B703F93E-7842-4B11-95E6-55A66DB0117E}"
EndProject
Project("{2150E333-8FDC-42A3-9474-1A3956D46DE8}") = "Silverlight 3", "Silverlight 3", "{7A29EBB1-43CF-414C-ACE7-DC4FA4E1B48F}"
EndProject
Project("{2150E333-8FDC-42A3-9474-1A3956D46DE8}") = "Runtime CF", "Runtime CF", "{0C73F55C-F9B5-4876-95B4-7761CA4DA66F}"
EndProject
Project("{FAE04EC0-301F-11D3-BF4B-00C04F79EFBC}") = "SSharp.Net", "SSharp.Net\SSharp.Net.csproj", "{B2B5382D-959B-4A31-9F0B-D55EBCF40132}"
EndProject
Project("{FAE04EC0-301F-11D3-BF4B-00C04F79EFBC}") = "SSharp.Silverlight", "SSharp.Silverlight\SSharp.Silverlight.csproj", "{E07A0B5A-A6B2-462E-808F-16EFCB997350}"
EndProject
Project("{FAE04EC0-301F-11D3-BF4B-00C04F79EFBC}") = "Debug.Console", "Debug.Console\Debug.Console.csproj", "{149E3916-5978-444A-9C87-02B26188924E}"
EndProject
Project("{FAE04EC0-301F-11D3-BF4B-00C04F79EFBC}") = "Debug.Silverlight", "Debug.Silverlight\Debug.Silverlight.csproj", "{F0DE05AD-0F4C-466C-9396-BD0EECEEEE1C}"
EndProject
Project("{FAE04EC0-301F-11D3-BF4B-00C04F79EFBC}") = "UnitTests", "UnitTests\UnitTests.csproj", "{C70419FB-6EBA-41F0-9BE2-F8657E934A96}"
EndProject
Project("{FAE04EC0-301F-11D3-BF4B-00C04F79EFBC}") = "AutoSharp", "Samples\.NET 3.5\AutoSharp\AutoSharp.csproj", "{00F14B5A-60F6-4F0B-B76B-2C4C19838A58}"
EndProject
Project("{FAE04EC0-301F-11D3-BF4B-00C04F79EFBC}") = "GrammarGenerator", "SSharp.Net\GrammarGenerator\GrammarGenerator.csproj", "{D6B6380D-55FF-4201-AB10-EB70F795B125}"
EndProject
Project("{FAE04EC0-301F-11D3-BF4B-00C04F79EFBC}") = "SSharp.CF", "SSharp.CF\SSharp.CF.csproj", "{65A84A6D-38BF-49D6-B107-597A511DC862}"
EndProject
Project("{FAE04EC0-301F-11D3-BF4B-00C04F79EFBC}") = "Debug.CF", "Debug.CF\Debug.CF.csproj", "{704ADC45-F42E-41E2-90AD-6F62D3903D2E}"
EndProject
Project("{FAE04EC0-301F-11D3-BF4B-00C04F79EFBC}") = "Debug.TestExecute", "Debug.TestExecute\Debug.TestExecute.csproj", "{ADE98F84-643F-4A93-8C5A-C5E4ACE8991A}"
EndProject
Project("{FAE04EC0-301F-11D3-BF4B-00C04F79EFBC}") = "Scripting.SSharp.UIAutomation", "Samples\.NET 3.5\Scripting.SSharp.UIAutomation\Scripting.SSharp.UIAutomation.csproj", "{38C9B121-E1EB-458C-9BE2-C1FE30A0F3CB}"
EndProject
Global
	GlobalSection(TestCaseManagementSettings) = postSolution
		CategoryFile = SSharp.vsmdi
	EndGlobalSection
	GlobalSection(SolutionConfigurationPlatforms) = preSolution
		Debug|Any CPU = Debug|Any CPU
		Release|Any CPU = Release|Any CPU
	EndGlobalSection
	GlobalSection(ProjectConfigurationPlatforms) = postSolution
		{B2B5382D-959B-4A31-9F0B-D55EBCF40132}.Debug|Any CPU.ActiveCfg = Debug|Any CPU
		{B2B5382D-959B-4A31-9F0B-D55EBCF40132}.Debug|Any CPU.Build.0 = Debug|Any CPU
		{B2B5382D-959B-4A31-9F0B-D55EBCF40132}.Release|Any CPU.ActiveCfg = Release|Any CPU
		{B2B5382D-959B-4A31-9F0B-D55EBCF40132}.Release|Any CPU.Build.0 = Release|Any CPU
		{E07A0B5A-A6B2-462E-808F-16EFCB997350}.Debug|Any CPU.ActiveCfg = Debug|Any CPU
		{E07A0B5A-A6B2-462E-808F-16EFCB997350}.Debug|Any CPU.Build.0 = Debug|Any CPU
		{E07A0B5A-A6B2-462E-808F-16EFCB997350}.Release|Any CPU.ActiveCfg = Release|Any CPU
		{E07A0B5A-A6B2-462E-808F-16EFCB997350}.Release|Any CPU.Build.0 = Release|Any CPU
		{149E3916-5978-444A-9C87-02B26188924E}.Debug|Any CPU.ActiveCfg = Debug|Any CPU
		{149E3916-5978-444A-9C87-02B26188924E}.Debug|Any CPU.Build.0 = Debug|Any CPU
		{149E3916-5978-444A-9C87-02B26188924E}.Release|Any CPU.ActiveCfg = Release|Any CPU
		{149E3916-5978-444A-9C87-02B26188924E}.Release|Any CPU.Build.0 = Release|Any CPU
		{F0DE05AD-0F4C-466C-9396-BD0EECEEEE1C}.Debug|Any CPU.ActiveCfg = Debug|Any CPU
		{F0DE05AD-0F4C-466C-9396-BD0EECEEEE1C}.Debug|Any CPU.Build.0 = Debug|Any CPU
		{F0DE05AD-0F4C-466C-9396-BD0EECEEEE1C}.Release|Any CPU.ActiveCfg = Release|Any CPU
		{F0DE05AD-0F4C-466C-9396-BD0EECEEEE1C}.Release|Any CPU.Build.0 = Release|Any CPU
		{C70419FB-6EBA-41F0-9BE2-F8657E934A96}.Debug|Any CPU.ActiveCfg = Debug|Any CPU
		{C70419FB-6EBA-41F0-9BE2-F8657E934A96}.Debug|Any CPU.Build.0 = Debug|Any CPU
		{C70419FB-6EBA-41F0-9BE2-F8657E934A96}.Release|Any CPU.ActiveCfg = Release|Any CPU
		{C70419FB-6EBA-41F0-9BE2-F8657E934A96}.Release|Any CPU.Build.0 = Release|Any CPU
		{00F14B5A-60F6-4F0B-B76B-2C4C19838A58}.Debug|Any CPU.ActiveCfg = Debug|Any CPU
		{00F14B5A-60F6-4F0B-B76B-2C4C19838A58}.Debug|Any CPU.Build.0 = Debug|Any CPU
		{00F14B5A-60F6-4F0B-B76B-2C4C19838A58}.Release|Any CPU.ActiveCfg = Release|Any CPU
		{00F14B5A-60F6-4F0B-B76B-2C4C19838A58}.Release|Any CPU.Build.0 = Release|Any CPU
		{D6B6380D-55FF-4201-AB10-EB70F795B125}.Debug|Any CPU.ActiveCfg = Debug|Any CPU
		{D6B6380D-55FF-4201-AB10-EB70F795B125}.Debug|Any CPU.Build.0 = Debug|Any CPU
		{D6B6380D-55FF-4201-AB10-EB70F795B125}.Release|Any CPU.ActiveCfg = Release|Any CPU
		{D6B6380D-55FF-4201-AB10-EB70F795B125}.Release|Any CPU.Build.0 = Release|Any CPU
		{65A84A6D-38BF-49D6-B107-597A511DC862}.Debug|Any CPU.ActiveCfg = Debug|Any CPU
		{65A84A6D-38BF-49D6-B107-597A511DC862}.Debug|Any CPU.Build.0 = Debug|Any CPU
		{65A84A6D-38BF-49D6-B107-597A511DC862}.Release|Any CPU.ActiveCfg = Release|Any CPU
		{65A84A6D-38BF-49D6-B107-597A511DC862}.Release|Any CPU.Build.0 = Release|Any CPU
		{704ADC45-F42E-41E2-90AD-6F62D3903D2E}.Debug|Any CPU.ActiveCfg = Debug|Any CPU
		{704ADC45-F42E-41E2-90AD-6F62D3903D2E}.Debug|Any CPU.Build.0 = Debug|Any CPU
		{704ADC45-F42E-41E2-90AD-6F62D3903D2E}.Debug|Any CPU.Deploy.0 = Debug|Any CPU
		{704ADC45-F42E-41E2-90AD-6F62D3903D2E}.Release|Any CPU.ActiveCfg = Release|Any CPU
		{704ADC45-F42E-41E2-90AD-6F62D3903D2E}.Release|Any CPU.Build.0 = Release|Any CPU
		{704ADC45-F42E-41E2-90AD-6F62D3903D2E}.Release|Any CPU.Deploy.0 = Release|Any CPU
		{ADE98F84-643F-4A93-8C5A-C5E4ACE8991A}.Debug|Any CPU.ActiveCfg = Debug|Any CPU
		{ADE98F84-643F-4A93-8C5A-C5E4ACE8991A}.Debug|Any CPU.Build.0 = Debug|Any CPU
		{ADE98F84-643F-4A93-8C5A-C5E4ACE8991A}.Release|Any CPU.ActiveCfg = Release|Any CPU
		{ADE98F84-643F-4A93-8C5A-C5E4ACE8991A}.Release|Any CPU.Build.0 = Release|Any CPU
		{38C9B121-E1EB-458C-9BE2-C1FE30A0F3CB}.Debug|Any CPU.ActiveCfg = Debug|Any CPU
		{38C9B121-E1EB-458C-9BE2-C1FE30A0F3CB}.Debug|Any CPU.Build.0 = Debug|Any CPU
		{38C9B121-E1EB-458C-9BE2-C1FE30A0F3CB}.Release|Any CPU.ActiveCfg = Release|Any CPU
		{38C9B121-E1EB-458C-9BE2-C1FE30A0F3CB}.Release|Any CPU.Build.0 = Release|Any CPU
	EndGlobalSection
	GlobalSection(SolutionProperties) = preSolution
		HideSolutionNode = FALSE
	EndGlobalSection
	GlobalSection(NestedProjects) = preSolution
		{B2B5382D-959B-4A31-9F0B-D55EBCF40132} = {031DD903-76EA-4424-8575-3DAB7F55D71E}
		{C70419FB-6EBA-41F0-9BE2-F8657E934A96} = {031DD903-76EA-4424-8575-3DAB7F55D71E}
		{D6B6380D-55FF-4201-AB10-EB70F795B125} = {031DD903-76EA-4424-8575-3DAB7F55D71E}
		{E07A0B5A-A6B2-462E-808F-16EFCB997350} = {458FF200-5FC2-4BD7-8AAB-4F0DCC4080A9}
		{149E3916-5978-444A-9C87-02B26188924E} = {DC90817D-C421-471B-B4E1-16FF3F94A398}
		{F0DE05AD-0F4C-466C-9396-BD0EECEEEE1C} = {DC90817D-C421-471B-B4E1-16FF3F94A398}
		{704ADC45-F42E-41E2-90AD-6F62D3903D2E} = {DC90817D-C421-471B-B4E1-16FF3F94A398}
		{ADE98F84-643F-4A93-8C5A-C5E4ACE8991A} = {DC90817D-C421-471B-B4E1-16FF3F94A398}
		{B703F93E-7842-4B11-95E6-55A66DB0117E} = {30C39A33-C6D3-4955-99E2-B8EA93D201AD}
		{7A29EBB1-43CF-414C-ACE7-DC4FA4E1B48F} = {30C39A33-C6D3-4955-99E2-B8EA93D201AD}
		{00F14B5A-60F6-4F0B-B76B-2C4C19838A58} = {B703F93E-7842-4B11-95E6-55A66DB0117E}
		{38C9B121-E1EB-458C-9BE2-C1FE30A0F3CB} = {B703F93E-7842-4B11-95E6-55A66DB0117E}
		{65A84A6D-38BF-49D6-B107-597A511DC862} = {0C73F55C-F9B5-4876-95B4-7761CA4DA66F}
	EndGlobalSection
	GlobalSection(ExtensibilityGlobals) = postSolution
		VisualSVNWorkingCopyRoot = .
	EndGlobalSection
EndGlobal
