
Microsoft Visual Studio Solution File, Format Version 11.00
# Visual Studio 2010
Project("{FAE04EC0-301F-11D3-BF4B-00C04F79EFBC}") = "SSharp.Net", "SSharp.Net\SSharp.Net.csproj", "{B2B5382D-959B-4A31-9F0B-D55EBCF40132}"
EndProject
Project("{2150E333-8FDC-42A3-9474-1A3956D46DE8}") = "Runtime.Net", "Runtime.Net", "{049348A6-2311-473A-893A-DC86DE2B001E}"
EndProject
Project("{2150E333-8FDC-42A3-9474-1A3956D46DE8}") = "Debug Projects", "Debug Projects", "{71A478DD-9C88-4A22-84F1-0D01220A1E07}"
EndProject
Project("{FAE04EC0-301F-11D3-BF4B-00C04F79EFBC}") = "Debug.Net", "Debug.Net\Debug.Net.csproj", "{A3B92B69-2AE4-4F8D-AF00-F347464CC1E5}"
EndProject
Project("{FAE04EC0-301F-11D3-BF4B-00C04F79EFBC}") = "GrammarGenerator", "SSharp.Net\GrammarGenerator\GrammarGenerator.csproj", "{D6B6380D-55FF-4201-AB10-EB70F795B125}"
EndProject
Project("{FAE04EC0-301F-11D3-BF4B-00C04F79EFBC}") = "UnitTests", "UnitTests\UnitTests.csproj", "{C70419FB-6EBA-41F0-9BE2-F8657E934A96}"
EndProject
Project("{2150E333-8FDC-42A3-9474-1A3956D46DE8}") = "Solution Items", "Solution Items", "{871713DE-8C62-468B-92AA-83CCE33CA3CA}"
	ProjectSection(SolutionItems) = preProject
		SSharp.testsettings = SSharp.testsettings
		SSharp.vsmdi = SSharp.vsmdi
	EndProjectSection
EndProject
Project("{FAE04EC0-301F-11D3-BF4B-00C04F79EFBC}") = "Debug.TestExecute", "Debug.TestExecute\Debug.TestExecute.csproj", "{ADE98F84-643F-4A93-8C5A-C5E4ACE8991A}"
EndProject
Project("{2150E333-8FDC-42A3-9474-1A3956D46DE8}") = "Runtime.Silverlight", "Runtime.Silverlight", "{A5D5B317-83D5-4125-89D4-C0E0CA3F18D1}"
EndProject
Project("{FAE04EC0-301F-11D3-BF4B-00C04F79EFBC}") = "SSharp.Silverlight", "SSharp.Silverlight\SSharp.Silverlight.csproj", "{9DDD4C9B-37C0-4C00-B93C-32C68EB1D345}"
EndProject
Project("{FAE04EC0-301F-11D3-BF4B-00C04F79EFBC}") = "Debug.Silverlight", "Debug.Silverlight\Debug.Silverlight.csproj", "{93EC5B15-79EC-4D0D-B232-A7E12FD67D21}"
EndProject
Project("{FAE04EC0-301F-11D3-BF4B-00C04F79EFBC}") = "Debug.Silverlight.Web", "Debug.Silverlight.Web\Debug.Silverlight.Web.csproj", "{F1653F64-3B11-4666-BAE4-40BF5AFE511B}"
EndProject
Project("{54435603-DBB4-11D2-8724-00A0C9A8B90C}") = "Installation", "Installation\Installation.vdproj", "{F2CAAFDD-4544-448C-A809-6CC5FD09D622}"
EndProject
Global
	GlobalSection(TestCaseManagementSettings) = postSolution
		CategoryFile = SSharp.vsmdi
	EndGlobalSection
	GlobalSection(SolutionConfigurationPlatforms) = preSolution
		Debug|Any CPU = Debug|Any CPU
		Debug|Mixed Platforms = Debug|Mixed Platforms
		Debug|x86 = Debug|x86
		Release|Any CPU = Release|Any CPU
		Release|Mixed Platforms = Release|Mixed Platforms
		Release|x86 = Release|x86
	EndGlobalSection
	GlobalSection(ProjectConfigurationPlatforms) = postSolution
		{B2B5382D-959B-4A31-9F0B-D55EBCF40132}.Debug|Any CPU.ActiveCfg = Debug|Any CPU
		{B2B5382D-959B-4A31-9F0B-D55EBCF40132}.Debug|Any CPU.Build.0 = Debug|Any CPU
		{B2B5382D-959B-4A31-9F0B-D55EBCF40132}.Debug|Mixed Platforms.ActiveCfg = Debug|Any CPU
		{B2B5382D-959B-4A31-9F0B-D55EBCF40132}.Debug|Mixed Platforms.Build.0 = Debug|Any CPU
		{B2B5382D-959B-4A31-9F0B-D55EBCF40132}.Debug|x86.ActiveCfg = Debug|Any CPU
		{B2B5382D-959B-4A31-9F0B-D55EBCF40132}.Release|Any CPU.ActiveCfg = Release|Any CPU
		{B2B5382D-959B-4A31-9F0B-D55EBCF40132}.Release|Any CPU.Build.0 = Release|Any CPU
		{B2B5382D-959B-4A31-9F0B-D55EBCF40132}.Release|Mixed Platforms.ActiveCfg = Release|Any CPU
		{B2B5382D-959B-4A31-9F0B-D55EBCF40132}.Release|Mixed Platforms.Build.0 = Release|Any CPU
		{B2B5382D-959B-4A31-9F0B-D55EBCF40132}.Release|x86.ActiveCfg = Release|Any CPU
		{A3B92B69-2AE4-4F8D-AF00-F347464CC1E5}.Debug|Any CPU.ActiveCfg = Debug|x86
		{A3B92B69-2AE4-4F8D-AF00-F347464CC1E5}.Debug|Mixed Platforms.ActiveCfg = Debug|x86
		{A3B92B69-2AE4-4F8D-AF00-F347464CC1E5}.Debug|Mixed Platforms.Build.0 = Debug|x86
		{A3B92B69-2AE4-4F8D-AF00-F347464CC1E5}.Debug|x86.ActiveCfg = Debug|x86
		{A3B92B69-2AE4-4F8D-AF00-F347464CC1E5}.Debug|x86.Build.0 = Debug|x86
		{A3B92B69-2AE4-4F8D-AF00-F347464CC1E5}.Release|Any CPU.ActiveCfg = Release|x86
		{A3B92B69-2AE4-4F8D-AF00-F347464CC1E5}.Release|Mixed Platforms.ActiveCfg = Release|x86
		{A3B92B69-2AE4-4F8D-AF00-F347464CC1E5}.Release|Mixed Platforms.Build.0 = Release|x86
		{A3B92B69-2AE4-4F8D-AF00-F347464CC1E5}.Release|x86.ActiveCfg = Release|x86
		{A3B92B69-2AE4-4F8D-AF00-F347464CC1E5}.Release|x86.Build.0 = Release|x86
		{D6B6380D-55FF-4201-AB10-EB70F795B125}.Debug|Any CPU.ActiveCfg = Debug|Any CPU
		{D6B6380D-55FF-4201-AB10-EB70F795B125}.Debug|Any CPU.Build.0 = Debug|Any CPU
		{D6B6380D-55FF-4201-AB10-EB70F795B125}.Debug|Mixed Platforms.ActiveCfg = Debug|Any CPU
		{D6B6380D-55FF-4201-AB10-EB70F795B125}.Debug|Mixed Platforms.Build.0 = Debug|Any CPU
		{D6B6380D-55FF-4201-AB10-EB70F795B125}.Debug|x86.ActiveCfg = Debug|Any CPU
		{D6B6380D-55FF-4201-AB10-EB70F795B125}.Release|Any CPU.ActiveCfg = Release|Any CPU
		{D6B6380D-55FF-4201-AB10-EB70F795B125}.Release|Any CPU.Build.0 = Release|Any CPU
		{D6B6380D-55FF-4201-AB10-EB70F795B125}.Release|Mixed Platforms.ActiveCfg = Release|Any CPU
		{D6B6380D-55FF-4201-AB10-EB70F795B125}.Release|Mixed Platforms.Build.0 = Release|Any CPU
		{D6B6380D-55FF-4201-AB10-EB70F795B125}.Release|x86.ActiveCfg = Release|Any CPU
		{C70419FB-6EBA-41F0-9BE2-F8657E934A96}.Debug|Any CPU.ActiveCfg = Debug|Any CPU
		{C70419FB-6EBA-41F0-9BE2-F8657E934A96}.Debug|Any CPU.Build.0 = Debug|Any CPU
		{C70419FB-6EBA-41F0-9BE2-F8657E934A96}.Debug|Mixed Platforms.ActiveCfg = Debug|Any CPU
		{C70419FB-6EBA-41F0-9BE2-F8657E934A96}.Debug|Mixed Platforms.Build.0 = Debug|Any CPU
		{C70419FB-6EBA-41F0-9BE2-F8657E934A96}.Debug|x86.ActiveCfg = Debug|Any CPU
		{C70419FB-6EBA-41F0-9BE2-F8657E934A96}.Release|Any CPU.ActiveCfg = Release|Any CPU
		{C70419FB-6EBA-41F0-9BE2-F8657E934A96}.Release|Any CPU.Build.0 = Release|Any CPU
		{C70419FB-6EBA-41F0-9BE2-F8657E934A96}.Release|Mixed Platforms.ActiveCfg = Release|Any CPU
		{C70419FB-6EBA-41F0-9BE2-F8657E934A96}.Release|Mixed Platforms.Build.0 = Release|Any CPU
		{C70419FB-6EBA-41F0-9BE2-F8657E934A96}.Release|x86.ActiveCfg = Release|Any CPU
		{ADE98F84-643F-4A93-8C5A-C5E4ACE8991A}.Debug|Any CPU.ActiveCfg = Debug|Any CPU
		{ADE98F84-643F-4A93-8C5A-C5E4ACE8991A}.Debug|Any CPU.Build.0 = Debug|Any CPU
		{ADE98F84-643F-4A93-8C5A-C5E4ACE8991A}.Debug|Mixed Platforms.ActiveCfg = Debug|Any CPU
		{ADE98F84-643F-4A93-8C5A-C5E4ACE8991A}.Debug|Mixed Platforms.Build.0 = Debug|Any CPU
		{ADE98F84-643F-4A93-8C5A-C5E4ACE8991A}.Debug|x86.ActiveCfg = Debug|Any CPU
		{ADE98F84-643F-4A93-8C5A-C5E4ACE8991A}.Release|Any CPU.ActiveCfg = Release|Any CPU
		{ADE98F84-643F-4A93-8C5A-C5E4ACE8991A}.Release|Any CPU.Build.0 = Release|Any CPU
		{ADE98F84-643F-4A93-8C5A-C5E4ACE8991A}.Release|Mixed Platforms.ActiveCfg = Release|Any CPU
		{ADE98F84-643F-4A93-8C5A-C5E4ACE8991A}.Release|Mixed Platforms.Build.0 = Release|Any CPU
		{ADE98F84-643F-4A93-8C5A-C5E4ACE8991A}.Release|x86.ActiveCfg = Release|Any CPU
		{9DDD4C9B-37C0-4C00-B93C-32C68EB1D345}.Debug|Any CPU.ActiveCfg = Debug|Any CPU
		{9DDD4C9B-37C0-4C00-B93C-32C68EB1D345}.Debug|Any CPU.Build.0 = Debug|Any CPU
		{9DDD4C9B-37C0-4C00-B93C-32C68EB1D345}.Debug|Mixed Platforms.ActiveCfg = Debug|Any CPU
		{9DDD4C9B-37C0-4C00-B93C-32C68EB1D345}.Debug|Mixed Platforms.Build.0 = Debug|Any CPU
		{9DDD4C9B-37C0-4C00-B93C-32C68EB1D345}.Debug|x86.ActiveCfg = Debug|Any CPU
		{9DDD4C9B-37C0-4C00-B93C-32C68EB1D345}.Release|Any CPU.ActiveCfg = Release|Any CPU
		{9DDD4C9B-37C0-4C00-B93C-32C68EB1D345}.Release|Any CPU.Build.0 = Release|Any CPU
		{9DDD4C9B-37C0-4C00-B93C-32C68EB1D345}.Release|Mixed Platforms.ActiveCfg = Release|Any CPU
		{9DDD4C9B-37C0-4C00-B93C-32C68EB1D345}.Release|Mixed Platforms.Build.0 = Release|Any CPU
		{9DDD4C9B-37C0-4C00-B93C-32C68EB1D345}.Release|x86.ActiveCfg = Release|Any CPU
		{93EC5B15-79EC-4D0D-B232-A7E12FD67D21}.Debug|Any CPU.ActiveCfg = Debug|Any CPU
		{93EC5B15-79EC-4D0D-B232-A7E12FD67D21}.Debug|Any CPU.Build.0 = Debug|Any CPU
		{93EC5B15-79EC-4D0D-B232-A7E12FD67D21}.Debug|Mixed Platforms.ActiveCfg = Debug|Any CPU
		{93EC5B15-79EC-4D0D-B232-A7E12FD67D21}.Debug|Mixed Platforms.Build.0 = Debug|Any CPU
		{93EC5B15-79EC-4D0D-B232-A7E12FD67D21}.Debug|x86.ActiveCfg = Debug|Any CPU
		{93EC5B15-79EC-4D0D-B232-A7E12FD67D21}.Release|Any CPU.ActiveCfg = Release|Any CPU
		{93EC5B15-79EC-4D0D-B232-A7E12FD67D21}.Release|Any CPU.Build.0 = Release|Any CPU
		{93EC5B15-79EC-4D0D-B232-A7E12FD67D21}.Release|Mixed Platforms.ActiveCfg = Release|Any CPU
		{93EC5B15-79EC-4D0D-B232-A7E12FD67D21}.Release|Mixed Platforms.Build.0 = Release|Any CPU
		{93EC5B15-79EC-4D0D-B232-A7E12FD67D21}.Release|x86.ActiveCfg = Release|Any CPU
		{F1653F64-3B11-4666-BAE4-40BF5AFE511B}.Debug|Any CPU.ActiveCfg = Debug|Any CPU
		{F1653F64-3B11-4666-BAE4-40BF5AFE511B}.Debug|Any CPU.Build.0 = Debug|Any CPU
		{F1653F64-3B11-4666-BAE4-40BF5AFE511B}.Debug|Mixed Platforms.ActiveCfg = Debug|Any CPU
		{F1653F64-3B11-4666-BAE4-40BF5AFE511B}.Debug|Mixed Platforms.Build.0 = Debug|Any CPU
		{F1653F64-3B11-4666-BAE4-40BF5AFE511B}.Debug|x86.ActiveCfg = Debug|Any CPU
		{F1653F64-3B11-4666-BAE4-40BF5AFE511B}.Release|Any CPU.ActiveCfg = Release|Any CPU
		{F1653F64-3B11-4666-BAE4-40BF5AFE511B}.Release|Any CPU.Build.0 = Release|Any CPU
		{F1653F64-3B11-4666-BAE4-40BF5AFE511B}.Release|Mixed Platforms.ActiveCfg = Release|Any CPU
		{F1653F64-3B11-4666-BAE4-40BF5AFE511B}.Release|Mixed Platforms.Build.0 = Release|Any CPU
		{F1653F64-3B11-4666-BAE4-40BF5AFE511B}.Release|x86.ActiveCfg = Release|Any CPU
		{F2CAAFDD-4544-448C-A809-6CC5FD09D622}.Debug|Any CPU.ActiveCfg = Debug
		{F2CAAFDD-4544-448C-A809-6CC5FD09D622}.Debug|Mixed Platforms.ActiveCfg = Debug
		{F2CAAFDD-4544-448C-A809-6CC5FD09D622}.Debug|x86.ActiveCfg = Debug
		{F2CAAFDD-4544-448C-A809-6CC5FD09D622}.Release|Any CPU.ActiveCfg = Release
		{F2CAAFDD-4544-448C-A809-6CC5FD09D622}.Release|Mixed Platforms.ActiveCfg = Release
		{F2CAAFDD-4544-448C-A809-6CC5FD09D622}.Release|x86.ActiveCfg = Release
	EndGlobalSection
	GlobalSection(SolutionProperties) = preSolution
		HideSolutionNode = FALSE
	EndGlobalSection
	GlobalSection(NestedProjects) = preSolution
		{B2B5382D-959B-4A31-9F0B-D55EBCF40132} = {049348A6-2311-473A-893A-DC86DE2B001E}
		{D6B6380D-55FF-4201-AB10-EB70F795B125} = {049348A6-2311-473A-893A-DC86DE2B001E}
		{C70419FB-6EBA-41F0-9BE2-F8657E934A96} = {049348A6-2311-473A-893A-DC86DE2B001E}
		{F2CAAFDD-4544-448C-A809-6CC5FD09D622} = {049348A6-2311-473A-893A-DC86DE2B001E}
		{A3B92B69-2AE4-4F8D-AF00-F347464CC1E5} = {71A478DD-9C88-4A22-84F1-0D01220A1E07}
		{ADE98F84-643F-4A93-8C5A-C5E4ACE8991A} = {71A478DD-9C88-4A22-84F1-0D01220A1E07}
		{93EC5B15-79EC-4D0D-B232-A7E12FD67D21} = {71A478DD-9C88-4A22-84F1-0D01220A1E07}
		{F1653F64-3B11-4666-BAE4-40BF5AFE511B} = {71A478DD-9C88-4A22-84F1-0D01220A1E07}
		{9DDD4C9B-37C0-4C00-B93C-32C68EB1D345} = {A5D5B317-83D5-4125-89D4-C0E0CA3F18D1}
	EndGlobalSection
	GlobalSection(ExtensibilityGlobals) = postSolution
		VisualSVNWorkingCopyRoot = .
	EndGlobalSection
EndGlobal
