
Microsoft Visual Studio Solution File, Format Version 12.00
# Visual Studio 15
VisualStudioVersion = 15.0.28307.572
MinimumVisualStudioVersion = 10.0.40219.1
Project("{9A19103F-16F7-4668-BE54-9A1E7A4F7556}") = "SSharp.Net", "SSharp.Net\SSharp.Net.csproj", "{811D7192-5BD5-4646-8F44-60091E96206C}"
EndProject
Project("{9A19103F-16F7-4668-BE54-9A1E7A4F7556}") = "SSharp.Net.GrammarGenerator", "SSharp.Net.GrammarGenerator\SSharp.Net.GrammarGenerator.csproj", "{0D197CEF-EF8D-402C-80EB-B5AE3C99F931}"
EndProject
Project("{9A19103F-16F7-4668-BE54-9A1E7A4F7556}") = "SSharp.Net.UnitTests", "SSharp.Net.UnitTests\SSharp.Net.UnitTests.csproj", "{96FAA3D7-1EC8-4283-96FC-7BAA44C82A97}"
EndProject
Project("{9A19103F-16F7-4668-BE54-9A1E7A4F7556}") = "SSharp.Net.TestExecute", "SSharp.Net.TestExecute\SSharp.Net.TestExecute.csproj", "{6E164FCD-706B-4C60-B097-A51EFD6AEA20}"
EndProject
Global
	GlobalSection(SolutionConfigurationPlatforms) = preSolution
		Debug|Any CPU = Debug|Any CPU
		Release|Any CPU = Release|Any CPU
	EndGlobalSection
	GlobalSection(ProjectConfigurationPlatforms) = postSolution
		{811D7192-5BD5-4646-8F44-60091E96206C}.Debug|Any CPU.ActiveCfg = Debug|Any CPU
		{811D7192-5BD5-4646-8F44-60091E96206C}.Debug|Any CPU.Build.0 = Debug|Any CPU
		{811D7192-5BD5-4646-8F44-60091E96206C}.Release|Any CPU.ActiveCfg = Release|Any CPU
		{811D7192-5BD5-4646-8F44-60091E96206C}.Release|Any CPU.Build.0 = Release|Any CPU
		{0D197CEF-EF8D-402C-80EB-B5AE3C99F931}.Debug|Any CPU.ActiveCfg = Debug|Any CPU
		{0D197CEF-EF8D-402C-80EB-B5AE3C99F931}.Debug|Any CPU.Build.0 = Debug|Any CPU
		{0D197CEF-EF8D-402C-80EB-B5AE3C99F931}.Release|Any CPU.ActiveCfg = Release|Any CPU
		{0D197CEF-EF8D-402C-80EB-B5AE3C99F931}.Release|Any CPU.Build.0 = Release|Any CPU
		{96FAA3D7-1EC8-4283-96FC-7BAA44C82A97}.Debug|Any CPU.ActiveCfg = Debug|Any CPU
		{96FAA3D7-1EC8-4283-96FC-7BAA44C82A97}.Debug|Any CPU.Build.0 = Debug|Any CPU
		{96FAA3D7-1EC8-4283-96FC-7BAA44C82A97}.Release|Any CPU.ActiveCfg = Release|Any CPU
		{96FAA3D7-1EC8-4283-96FC-7BAA44C82A97}.Release|Any CPU.Build.0 = Release|Any CPU
		{6E164FCD-706B-4C60-B097-A51EFD6AEA20}.Debug|Any CPU.ActiveCfg = Debug|Any CPU
		{6E164FCD-706B-4C60-B097-A51EFD6AEA20}.Debug|Any CPU.Build.0 = Debug|Any CPU
		{6E164FCD-706B-4C60-B097-A51EFD6AEA20}.Release|Any CPU.ActiveCfg = Release|Any CPU
		{6E164FCD-706B-4C60-B097-A51EFD6AEA20}.Release|Any CPU.Build.0 = Release|Any CPU
	EndGlobalSection
	GlobalSection(SolutionProperties) = preSolution
		HideSolutionNode = FALSE
	EndGlobalSection
	GlobalSection(ExtensibilityGlobals) = postSolution
		SolutionGuid = {86052985-F9AB-4EB9-AFC4-5B30B14AF209}
	EndGlobalSection
EndGlobal
